
Microsoft Visual Studio Solution File, Format Version 12.00
# Visual Studio Version 17
VisualStudioVersion = 17.2.32516.85
MinimumVisualStudioVersion = 10.0.40219.1
Project("{FAE04EC0-301F-11D3-BF4B-00C04F79EFBC}") = "BrennCode", "BrennCode\BrennCode.csproj", "{9E3A42D3-8BC2-4905-ACE8-5B13BB28CB1F}"
EndProject
Project("{FAE04EC0-301F-11D3-BF4B-00C04F79EFBC}") = "TestApp", "TestApp\TestApp.csproj", "{EA26CF40-DF2F-4836-AC8C-BA83C6E39752}"
EndProject
Global
	GlobalSection(SolutionConfigurationPlatforms) = preSolution
		Debug|Any CPU = Debug|Any CPU
		Debug|x64 = Debug|x64
		Release|Any CPU = Release|Any CPU
		Release|x64 = Release|x64
	EndGlobalSection
	GlobalSection(ProjectConfigurationPlatforms) = postSolution
		{9E3A42D3-8BC2-4905-ACE8-5B13BB28CB1F}.Debug|Any CPU.ActiveCfg = Debug|Any CPU
		{9E3A42D3-8BC2-4905-ACE8-5B13BB28CB1F}.Debug|Any CPU.Build.0 = Debug|Any CPU
		{9E3A42D3-8BC2-4905-ACE8-5B13BB28CB1F}.Debug|x64.ActiveCfg = Debug|x64
		{9E3A42D3-8BC2-4905-ACE8-5B13BB28CB1F}.Debug|x64.Build.0 = Debug|x64
		{9E3A42D3-8BC2-4905-ACE8-5B13BB28CB1F}.Release|Any CPU.ActiveCfg = Release|Any CPU
		{9E3A42D3-8BC2-4905-ACE8-5B13BB28CB1F}.Release|Any CPU.Build.0 = Release|Any CPU
		{9E3A42D3-8BC2-4905-ACE8-5B13BB28CB1F}.Release|x64.ActiveCfg = Release|x64
		{9E3A42D3-8BC2-4905-ACE8-5B13BB28CB1F}.Release|x64.Build.0 = Release|x64
		{EA26CF40-DF2F-4836-AC8C-BA83C6E39752}.Debug|Any CPU.ActiveCfg = Debug|Any CPU
		{EA26CF40-DF2F-4836-AC8C-BA83C6E39752}.Debug|Any CPU.Build.0 = Debug|Any CPU
		{EA26CF40-DF2F-4836-AC8C-BA83C6E39752}.Debug|x64.ActiveCfg = Debug|Any CPU
		{EA26CF40-DF2F-4836-AC8C-BA83C6E39752}.Debug|x64.Build.0 = Debug|Any CPU
		{EA26CF40-DF2F-4836-AC8C-BA83C6E39752}.Release|Any CPU.ActiveCfg = Release|Any CPU
		{EA26CF40-DF2F-4836-AC8C-BA83C6E39752}.Release|Any CPU.Build.0 = Release|Any CPU
		{EA26CF40-DF2F-4836-AC8C-BA83C6E39752}.Release|x64.ActiveCfg = Release|Any CPU
		{EA26CF40-DF2F-4836-AC8C-BA83C6E39752}.Release|x64.Build.0 = Release|Any CPU
	EndGlobalSection
	GlobalSection(SolutionProperties) = preSolution
		HideSolutionNode = FALSE
	EndGlobalSection
	GlobalSection(ExtensibilityGlobals) = postSolution
		SolutionGuid = {1071825F-22DA-422A-A2EC-401B5FD7544A}
	EndGlobalSection
EndGlobal
